
Microsoft Visual Studio Solution File, Format Version 12.00
# Visual Studio 2013
VisualStudioVersion = 12.0.31101.0
MinimumVisualStudioVersion = 10.0.40219.1
Project("{FAE04EC0-301F-11D3-BF4B-00C04F79EFBC}") = "OBeautifulCode.Math", "OBeautifulCode.Math\OBeautifulCode.Math.csproj", "{4B9ADA2B-3A0E-438C-8916-26BD5DE09174}"
EndProject
Project("{FAE04EC0-301F-11D3-BF4B-00C04F79EFBC}") = "OBeautifulCode.Math.Test", "OBeautifulCode.Math.Test\OBeautifulCode.Math.Test.csproj", "{48ED9025-9A2C-4BA9-8112-C804E7A9A3F2}"
EndProject
Global
	GlobalSection(SolutionConfigurationPlatforms) = preSolution
		Debug|Any CPU = Debug|Any CPU
		Release|Any CPU = Release|Any CPU
	EndGlobalSection
	GlobalSection(ProjectConfigurationPlatforms) = postSolution
		{4B9ADA2B-3A0E-438C-8916-26BD5DE09174}.Debug|Any CPU.ActiveCfg = Debug|Any CPU
		{4B9ADA2B-3A0E-438C-8916-26BD5DE09174}.Debug|Any CPU.Build.0 = Debug|Any CPU
		{4B9ADA2B-3A0E-438C-8916-26BD5DE09174}.Release|Any CPU.ActiveCfg = Release|Any CPU
		{4B9ADA2B-3A0E-438C-8916-26BD5DE09174}.Release|Any CPU.Build.0 = Release|Any CPU
		{48ED9025-9A2C-4BA9-8112-C804E7A9A3F2}.Debug|Any CPU.ActiveCfg = Debug|Any CPU
		{48ED9025-9A2C-4BA9-8112-C804E7A9A3F2}.Debug|Any CPU.Build.0 = Debug|Any CPU
		{48ED9025-9A2C-4BA9-8112-C804E7A9A3F2}.Release|Any CPU.ActiveCfg = Release|Any CPU
		{48ED9025-9A2C-4BA9-8112-C804E7A9A3F2}.Release|Any CPU.Build.0 = Release|Any CPU
	EndGlobalSection
	GlobalSection(SolutionProperties) = preSolution
		HideSolutionNode = FALSE
	EndGlobalSection
EndGlobal
