
Microsoft Visual Studio Solution File, Format Version 12.00
# Visual Studio 15
VisualStudioVersion = 15.0.27703.2000
MinimumVisualStudioVersion = 10.0.40219.1
Project("{FAE04EC0-301F-11D3-BF4B-00C04F79EFBC}") = "OBeautifulCode.Math", "OBeautifulCode.Math\OBeautifulCode.Math.csproj", "{4B9ADA2B-3A0E-438C-8916-26BD5DE09174}"
EndProject
Project("{FAE04EC0-301F-11D3-BF4B-00C04F79EFBC}") = "OBeautifulCode.Math.Test", "OBeautifulCode.Math.Test\OBeautifulCode.Math.Test.csproj", "{48ED9025-9A2C-4BA9-8112-C804E7A9A3F2}"
EndProject
Project("{2150E333-8FDC-42A3-9474-1A3956D46DE8}") = "Solution Items", "Solution Items", "{D9FA5AC2-0747-4AA0-B165-696E0997522F}"
	ProjectSection(SolutionItems) = preProject
		LICENSE = LICENSE
		README.md = README.md
	EndProjectSection
EndProject
Global
	GlobalSection(SolutionConfigurationPlatforms) = preSolution
		Debug|Any CPU = Debug|Any CPU
		Release|Any CPU = Release|Any CPU
	EndGlobalSection
	GlobalSection(ProjectConfigurationPlatforms) = postSolution
		{4B9ADA2B-3A0E-438C-8916-26BD5DE09174}.Debug|Any CPU.ActiveCfg = Debug|Any CPU
		{4B9ADA2B-3A0E-438C-8916-26BD5DE09174}.Debug|Any CPU.Build.0 = Debug|Any CPU
		{4B9ADA2B-3A0E-438C-8916-26BD5DE09174}.Release|Any CPU.ActiveCfg = Release|Any CPU
		{4B9ADA2B-3A0E-438C-8916-26BD5DE09174}.Release|Any CPU.Build.0 = Release|Any CPU
		{48ED9025-9A2C-4BA9-8112-C804E7A9A3F2}.Debug|Any CPU.ActiveCfg = Debug|Any CPU
		{48ED9025-9A2C-4BA9-8112-C804E7A9A3F2}.Debug|Any CPU.Build.0 = Debug|Any CPU
		{48ED9025-9A2C-4BA9-8112-C804E7A9A3F2}.Release|Any CPU.ActiveCfg = Release|Any CPU
		{48ED9025-9A2C-4BA9-8112-C804E7A9A3F2}.Release|Any CPU.Build.0 = Release|Any CPU
	EndGlobalSection
	GlobalSection(SolutionProperties) = preSolution
		HideSolutionNode = FALSE
	EndGlobalSection
	GlobalSection(ExtensibilityGlobals) = postSolution
		SolutionGuid = {170B2055-339C-435A-8D00-E6A4B1872C59}
	EndGlobalSection
EndGlobal
